// !$*UTF8*$!
{
	archiveVersion = 1;
	classes = {
	};
	objectVersion = 46;
	objects = {

/* Begin PBXBuildFile section */
		5901439F1B0E74C3001C05AE /* CaptureViewController.swift in Sources */ = {isa = PBXBuildFile; fileRef = 5901439E1B0E74C3001C05AE /* CaptureViewController.swift */; };
		590EBBCD1AE494B500420384 /* MyMenuTableViewController.swift in Sources */ = {isa = PBXBuildFile; fileRef = 590EBBCC1AE494B500420384 /* MyMenuTableViewController.swift */; };
		590EBBCF1AE497E400420384 /* MyNavigationController.swift in Sources */ = {isa = PBXBuildFile; fileRef = 590EBBCE1AE497E400420384 /* MyNavigationController.swift */; };
		590EBBD11AEFF96900420384 /* CoreLocation.framework in Frameworks */ = {isa = PBXBuildFile; fileRef = 590EBBD01AEFF96900420384 /* CoreLocation.framework */; };
		590EBBD31AF5852C00420384 /* DetailsTableViewCell.swift in Sources */ = {isa = PBXBuildFile; fileRef = 590EBBD21AF5852C00420384 /* DetailsTableViewCell.swift */; };
		590EBBD51AF5E55A00420384 /* Comment.swift in Sources */ = {isa = PBXBuildFile; fileRef = 590EBBD41AF5E55A00420384 /* Comment.swift */; };
		590EBBD71AF5F29D00420384 /* CommentAPIController.swift in Sources */ = {isa = PBXBuildFile; fileRef = 590EBBD61AF5F29D00420384 /* CommentAPIController.swift */; };
		590EBBD91AF68B6900420384 /* RoundButton.swift in Sources */ = {isa = PBXBuildFile; fileRef = 590EBBD81AF68B6900420384 /* RoundButton.swift */; };
		5936D6E11B141A5A00A02642 /* OnlyTextViewController.swift in Sources */ = {isa = PBXBuildFile; fileRef = 5936D6E01B141A5900A02642 /* OnlyTextViewController.swift */; };
		594B28911B2E5BEE001D5503 /* MainCollectionReusableView.swift in Sources */ = {isa = PBXBuildFile; fileRef = 594B28901B2E5BEE001D5503 /* MainCollectionReusableView.swift */; };
		597123111B4A49DC00CF46A7 /* Colors.swift in Sources */ = {isa = PBXBuildFile; fileRef = 597123101B4A49DC00CF46A7 /* Colors.swift */; };
		5976B8ED1AF9097D00D8D2F4 /* CustomButton.swift in Sources */ = {isa = PBXBuildFile; fileRef = 5976B8EC1AF9097D00D8D2F4 /* CustomButton.swift */; };
		5976B8EF1AF90A3F00D8D2F4 /* CustomView.swift in Sources */ = {isa = PBXBuildFile; fileRef = 5976B8EE1AF90A3F00D8D2F4 /* CustomView.swift */; };
		5976B8F11AFBBD7500D8D2F4 /* HomeCollectionViewCell.swift in Sources */ = {isa = PBXBuildFile; fileRef = 5976B8F01AFBBD7500D8D2F4 /* HomeCollectionViewCell.swift */; };
		5976B8F31B038CDF00D8D2F4 /* HomeHeaderCollectionReusableView.swift in Sources */ = {isa = PBXBuildFile; fileRef = 5976B8F21B038CDF00D8D2F4 /* HomeHeaderCollectionReusableView.swift */; };
		5976B8F51B0396D400D8D2F4 /* Album.swift in Sources */ = {isa = PBXBuildFile; fileRef = 5976B8F41B0396D400D8D2F4 /* Album.swift */; };
		5976B8F71B03AF7C00D8D2F4 /* AlbumAPIController.swift in Sources */ = {isa = PBXBuildFile; fileRef = 5976B8F61B03AF7C00D8D2F4 /* AlbumAPIController.swift */; };
		5976B8F91B03CC8B00D8D2F4 /* DefaultButton.swift in Sources */ = {isa = PBXBuildFile; fileRef = 5976B8F81B03CC8B00D8D2F4 /* DefaultButton.swift */; };
		5996119C1B45791B006777E8 /* Main.storyboard in Resources */ = {isa = PBXBuildFile; fileRef = 5996119A1B45791B006777E8 /* Main.storyboard */; };
		599611A01B46B12F006777E8 /* LogoutViewController.swift in Sources */ = {isa = PBXBuildFile; fileRef = 5996119F1B46B12F006777E8 /* LogoutViewController.swift */; };
		59BC7A121B118179000BD75E /* GeoTableHeaderCell.swift in Sources */ = {isa = PBXBuildFile; fileRef = 59BC7A111B118179000BD75E /* GeoTableHeaderCell.swift */; };
		59BC7A141B124906000BD75E /* CategoryViewController.swift in Sources */ = {isa = PBXBuildFile; fileRef = 59BC7A131B124906000BD75E /* CategoryViewController.swift */; };
		59DFCEE31AB2A41C009DE7AF /* AppDelegate.swift in Sources */ = {isa = PBXBuildFile; fileRef = 59DFCEE21AB2A41C009DE7AF /* AppDelegate.swift */; };
		59DFCEE51AB2A41C009DE7AF /* LoginViewController.swift in Sources */ = {isa = PBXBuildFile; fileRef = 59DFCEE41AB2A41C009DE7AF /* LoginViewController.swift */; };
		59DFCEED1AB2A41D009DE7AF /* LaunchScreen.xib in Resources */ = {isa = PBXBuildFile; fileRef = 59DFCEEB1AB2A41D009DE7AF /* LaunchScreen.xib */; };
		59DFCEF91AB2A41D009DE7AF /* OyventTests.swift in Sources */ = {isa = PBXBuildFile; fileRef = 59DFCEF81AB2A41D009DE7AF /* OyventTests.swift */; };
		59DFCF091AB64303009DE7AF /* HomeViewController.swift in Sources */ = {isa = PBXBuildFile; fileRef = 59DFCF081AB64303009DE7AF /* HomeViewController.swift */; };
		59DFCF0B1AB64326009DE7AF /* RegisterViewController.swift in Sources */ = {isa = PBXBuildFile; fileRef = 59DFCF0A1AB64326009DE7AF /* RegisterViewController.swift */; };
		59DFCF0D1AB67F9A009DE7AF /* Images.xcassets in Resources */ = {isa = PBXBuildFile; fileRef = 59DFCF0C1AB67F9A009DE7AF /* Images.xcassets */; };
		59DFCF131AB9398F009DE7AF /* MeViewController.swift in Sources */ = {isa = PBXBuildFile; fileRef = 59DFCF121AB9398F009DE7AF /* MeViewController.swift */; };
		59DFCF151ABBA84B009DE7AF /* Photo.swift in Sources */ = {isa = PBXBuildFile; fileRef = 59DFCF141ABBA84B009DE7AF /* Photo.swift */; };
		59DFCF171ABBE995009DE7AF /* PhotoAPIController.swift in Sources */ = {isa = PBXBuildFile; fileRef = 59DFCF161ABBE995009DE7AF /* PhotoAPIController.swift */; };
		59E39B141B31337A003200D2 /* HomeFooterCollectionReusableView.swift in Sources */ = {isa = PBXBuildFile; fileRef = 59E39B131B31337A003200D2 /* HomeFooterCollectionReusableView.swift */; };
		59E39B161B3D1B6C003200D2 /* SolidButton.swift in Sources */ = {isa = PBXBuildFile; fileRef = 59E39B151B3D1B6C003200D2 /* SolidButton.swift */; };
		59EFA7E71AC8FE5A00CA3C84 /* UIVerticalAlignLabel.swift in Sources */ = {isa = PBXBuildFile; fileRef = 59EFA7E61AC8FE5A00CA3C84 /* UIVerticalAlignLabel.swift */; };
		59EFA7E91ACCFA7C00CA3C84 /* ZoomViewController.swift in Sources */ = {isa = PBXBuildFile; fileRef = 59EFA7E81ACCFA7C00CA3C84 /* ZoomViewController.swift */; };
		59EFA7EB1AD2231F00CA3C84 /* DateExtension.swift in Sources */ = {isa = PBXBuildFile; fileRef = 59EFA7EA1AD2231F00CA3C84 /* DateExtension.swift */; };
		59EFA7EF1AD4F7B500CA3C84 /* GeoTableViewCell.swift in Sources */ = {isa = PBXBuildFile; fileRef = 59EFA7EE1AD4F7B500CA3C84 /* GeoTableViewCell.swift */; };
		59EFA7F11AD4F89200CA3C84 /* GeoViewController.swift in Sources */ = {isa = PBXBuildFile; fileRef = 59EFA7F01AD4F89200CA3C84 /* GeoViewController.swift */; };
		59EFA7F31AD61F1A00CA3C84 /* DetailsViewController.swift in Sources */ = {isa = PBXBuildFile; fileRef = 59EFA7F21AD61F1A00CA3C84 /* DetailsViewController.swift */; };
		59EFA7F91AE4915100CA3C84 /* ESideMenu.swift in Sources */ = {isa = PBXBuildFile; fileRef = 59EFA7F81AE4915100CA3C84 /* ESideMenu.swift */; };
		59EFA7FB1AE491CE00CA3C84 /* ESideMenuNavigationController.swift in Sources */ = {isa = PBXBuildFile; fileRef = 59EFA7FA1AE491CE00CA3C84 /* ESideMenuNavigationController.swift */; };
		59EFD6A61B2506A7000DD915 /* MainViewController.swift in Sources */ = {isa = PBXBuildFile; fileRef = 59EFD6A51B2506A7000DD915 /* MainViewController.swift */; };
		59EFD6A81B2506EC000DD915 /* MainCollectionViewCell.swift in Sources */ = {isa = PBXBuildFile; fileRef = 59EFD6A71B2506EC000DD915 /* MainCollectionViewCell.swift */; };
		59F175DF1AF87D0F005E7950 /* gitignore in Resources */ = {isa = PBXBuildFile; fileRef = 59F175DE1AF87D0F005E7950 /* gitignore */; };
/* End PBXBuildFile section */

/* Begin PBXContainerItemProxy section */
		59DFCEF31AB2A41D009DE7AF /* PBXContainerItemProxy */ = {
			isa = PBXContainerItemProxy;
			containerPortal = 59DFCED51AB2A41C009DE7AF /* Project object */;
			proxyType = 1;
			remoteGlobalIDString = 59DFCEDC1AB2A41C009DE7AF;
			remoteInfo = OyventApp;
		};
/* End PBXContainerItemProxy section */

/* Begin PBXFileReference section */
		5901439E1B0E74C3001C05AE /* CaptureViewController.swift */ = {isa = PBXFileReference; fileEncoding = 4; lastKnownFileType = sourcecode.swift; path = CaptureViewController.swift; sourceTree = "<group>"; };
		590EBBCC1AE494B500420384 /* MyMenuTableViewController.swift */ = {isa = PBXFileReference; fileEncoding = 4; lastKnownFileType = sourcecode.swift; path = MyMenuTableViewController.swift; sourceTree = "<group>"; };
		590EBBCE1AE497E400420384 /* MyNavigationController.swift */ = {isa = PBXFileReference; fileEncoding = 4; lastKnownFileType = sourcecode.swift; path = MyNavigationController.swift; sourceTree = "<group>"; };
		590EBBD01AEFF96900420384 /* CoreLocation.framework */ = {isa = PBXFileReference; lastKnownFileType = wrapper.framework; name = CoreLocation.framework; path = System/Library/Frameworks/CoreLocation.framework; sourceTree = SDKROOT; };
		590EBBD21AF5852C00420384 /* DetailsTableViewCell.swift */ = {isa = PBXFileReference; fileEncoding = 4; lastKnownFileType = sourcecode.swift; path = DetailsTableViewCell.swift; sourceTree = "<group>"; };
		590EBBD41AF5E55A00420384 /* Comment.swift */ = {isa = PBXFileReference; fileEncoding = 4; lastKnownFileType = sourcecode.swift; path = Comment.swift; sourceTree = "<group>"; };
		590EBBD61AF5F29D00420384 /* CommentAPIController.swift */ = {isa = PBXFileReference; fileEncoding = 4; lastKnownFileType = sourcecode.swift; path = CommentAPIController.swift; sourceTree = "<group>"; };
		590EBBD81AF68B6900420384 /* RoundButton.swift */ = {isa = PBXFileReference; fileEncoding = 4; lastKnownFileType = sourcecode.swift; path = RoundButton.swift; sourceTree = "<group>"; };
		5936D6E01B141A5900A02642 /* OnlyTextViewController.swift */ = {isa = PBXFileReference; fileEncoding = 4; lastKnownFileType = sourcecode.swift; path = OnlyTextViewController.swift; sourceTree = "<group>"; };
		594B28901B2E5BEE001D5503 /* MainCollectionReusableView.swift */ = {isa = PBXFileReference; fileEncoding = 4; lastKnownFileType = sourcecode.swift; path = MainCollectionReusableView.swift; sourceTree = "<group>"; };
		597123101B4A49DC00CF46A7 /* Colors.swift */ = {isa = PBXFileReference; fileEncoding = 4; lastKnownFileType = sourcecode.swift; path = Colors.swift; sourceTree = "<group>"; };
		5976B8EC1AF9097D00D8D2F4 /* CustomButton.swift */ = {isa = PBXFileReference; fileEncoding = 4; lastKnownFileType = sourcecode.swift; path = CustomButton.swift; sourceTree = "<group>"; };
		5976B8EE1AF90A3F00D8D2F4 /* CustomView.swift */ = {isa = PBXFileReference; fileEncoding = 4; lastKnownFileType = sourcecode.swift; path = CustomView.swift; sourceTree = "<group>"; };
		5976B8F01AFBBD7500D8D2F4 /* HomeCollectionViewCell.swift */ = {isa = PBXFileReference; fileEncoding = 4; lastKnownFileType = sourcecode.swift; path = HomeCollectionViewCell.swift; sourceTree = "<group>"; };
		5976B8F21B038CDF00D8D2F4 /* HomeHeaderCollectionReusableView.swift */ = {isa = PBXFileReference; fileEncoding = 4; lastKnownFileType = sourcecode.swift; path = HomeHeaderCollectionReusableView.swift; sourceTree = "<group>"; };
		5976B8F41B0396D400D8D2F4 /* Album.swift */ = {isa = PBXFileReference; fileEncoding = 4; lastKnownFileType = sourcecode.swift; path = Album.swift; sourceTree = "<group>"; };
		5976B8F61B03AF7C00D8D2F4 /* AlbumAPIController.swift */ = {isa = PBXFileReference; fileEncoding = 4; lastKnownFileType = sourcecode.swift; path = AlbumAPIController.swift; sourceTree = "<group>"; };
		5976B8F81B03CC8B00D8D2F4 /* DefaultButton.swift */ = {isa = PBXFileReference; fileEncoding = 4; lastKnownFileType = sourcecode.swift; path = DefaultButton.swift; sourceTree = "<group>"; };
		599611971B4578E2006777E8 /* OyventApp.xcodeproj */ = {isa = PBXFileReference; lastKnownFileType = "wrapper.pb-project"; path = OyventApp.xcodeproj; sourceTree = SOURCE_ROOT; };
		5996119B1B45791B006777E8 /* Base */ = {isa = PBXFileReference; lastKnownFileType = file.storyboard; name = Base; path = Base.lproj/Main.storyboard; sourceTree = "<group>"; };
		5996119F1B46B12F006777E8 /* LogoutViewController.swift */ = {isa = PBXFileReference; fileEncoding = 4; lastKnownFileType = sourcecode.swift; path = LogoutViewController.swift; sourceTree = "<group>"; };
		59BC7A111B118179000BD75E /* GeoTableHeaderCell.swift */ = {isa = PBXFileReference; fileEncoding = 4; lastKnownFileType = sourcecode.swift; path = GeoTableHeaderCell.swift; sourceTree = "<group>"; };
		59BC7A131B124906000BD75E /* CategoryViewController.swift */ = {isa = PBXFileReference; fileEncoding = 4; lastKnownFileType = sourcecode.swift; path = CategoryViewController.swift; sourceTree = "<group>"; };
		59DFCEDD1AB2A41C009DE7AF /* OyventApp.app */ = {isa = PBXFileReference; explicitFileType = wrapper.application; includeInIndex = 0; path = OyventApp.app; sourceTree = BUILT_PRODUCTS_DIR; };
		59DFCEE11AB2A41C009DE7AF /* Info.plist */ = {isa = PBXFileReference; lastKnownFileType = text.plist.xml; path = Info.plist; sourceTree = "<group>"; };
		59DFCEE21AB2A41C009DE7AF /* AppDelegate.swift */ = {isa = PBXFileReference; lastKnownFileType = sourcecode.swift; path = AppDelegate.swift; sourceTree = "<group>"; };
		59DFCEE41AB2A41C009DE7AF /* LoginViewController.swift */ = {isa = PBXFileReference; lastKnownFileType = sourcecode.swift; path = LoginViewController.swift; sourceTree = "<group>"; };
		59DFCEEC1AB2A41D009DE7AF /* Base */ = {isa = PBXFileReference; lastKnownFileType = file.xib; name = Base; path = Base.lproj/LaunchScreen.xib; sourceTree = "<group>"; };
		59DFCEF21AB2A41D009DE7AF /* OyventAppTests.xctest */ = {isa = PBXFileReference; explicitFileType = wrapper.cfbundle; includeInIndex = 0; path = OyventAppTests.xctest; sourceTree = BUILT_PRODUCTS_DIR; };
		59DFCEF71AB2A41D009DE7AF /* Info.plist */ = {isa = PBXFileReference; lastKnownFileType = text.plist.xml; path = Info.plist; sourceTree = "<group>"; };
		59DFCEF81AB2A41D009DE7AF /* OyventTests.swift */ = {isa = PBXFileReference; lastKnownFileType = sourcecode.swift; path = OyventTests.swift; sourceTree = "<group>"; };
		59DFCF081AB64303009DE7AF /* HomeViewController.swift */ = {isa = PBXFileReference; fileEncoding = 4; lastKnownFileType = sourcecode.swift; path = HomeViewController.swift; sourceTree = "<group>"; };
		59DFCF0A1AB64326009DE7AF /* RegisterViewController.swift */ = {isa = PBXFileReference; fileEncoding = 4; lastKnownFileType = sourcecode.swift; path = RegisterViewController.swift; sourceTree = "<group>"; };
		59DFCF0C1AB67F9A009DE7AF /* Images.xcassets */ = {isa = PBXFileReference; lastKnownFileType = folder.assetcatalog; path = Images.xcassets; sourceTree = "<group>"; };
		59DFCF121AB9398F009DE7AF /* MeViewController.swift */ = {isa = PBXFileReference; fileEncoding = 4; lastKnownFileType = sourcecode.swift; path = MeViewController.swift; sourceTree = "<group>"; };
		59DFCF141ABBA84B009DE7AF /* Photo.swift */ = {isa = PBXFileReference; fileEncoding = 4; lastKnownFileType = sourcecode.swift; path = Photo.swift; sourceTree = "<group>"; };
		59DFCF161ABBE995009DE7AF /* PhotoAPIController.swift */ = {isa = PBXFileReference; fileEncoding = 4; lastKnownFileType = sourcecode.swift; path = PhotoAPIController.swift; sourceTree = "<group>"; };
		59E39B131B31337A003200D2 /* HomeFooterCollectionReusableView.swift */ = {isa = PBXFileReference; fileEncoding = 4; lastKnownFileType = sourcecode.swift; path = HomeFooterCollectionReusableView.swift; sourceTree = "<group>"; };
		59E39B151B3D1B6C003200D2 /* SolidButton.swift */ = {isa = PBXFileReference; fileEncoding = 4; lastKnownFileType = sourcecode.swift; path = SolidButton.swift; sourceTree = "<group>"; };
		59EFA7E61AC8FE5A00CA3C84 /* UIVerticalAlignLabel.swift */ = {isa = PBXFileReference; fileEncoding = 4; lastKnownFileType = sourcecode.swift; path = UIVerticalAlignLabel.swift; sourceTree = "<group>"; };
		59EFA7E81ACCFA7C00CA3C84 /* ZoomViewController.swift */ = {isa = PBXFileReference; fileEncoding = 4; lastKnownFileType = sourcecode.swift; path = ZoomViewController.swift; sourceTree = "<group>"; };
		59EFA7EA1AD2231F00CA3C84 /* DateExtension.swift */ = {isa = PBXFileReference; fileEncoding = 4; lastKnownFileType = sourcecode.swift; path = DateExtension.swift; sourceTree = "<group>"; };
		59EFA7EE1AD4F7B500CA3C84 /* GeoTableViewCell.swift */ = {isa = PBXFileReference; fileEncoding = 4; lastKnownFileType = sourcecode.swift; path = GeoTableViewCell.swift; sourceTree = "<group>"; };
		59EFA7F01AD4F89200CA3C84 /* GeoViewController.swift */ = {isa = PBXFileReference; fileEncoding = 4; lastKnownFileType = sourcecode.swift; path = GeoViewController.swift; sourceTree = "<group>"; };
		59EFA7F21AD61F1A00CA3C84 /* DetailsViewController.swift */ = {isa = PBXFileReference; fileEncoding = 4; lastKnownFileType = sourcecode.swift; path = DetailsViewController.swift; sourceTree = "<group>"; };
		59EFA7F81AE4915100CA3C84 /* ESideMenu.swift */ = {isa = PBXFileReference; fileEncoding = 4; lastKnownFileType = sourcecode.swift; path = ESideMenu.swift; sourceTree = "<group>"; };
		59EFA7FA1AE491CE00CA3C84 /* ESideMenuNavigationController.swift */ = {isa = PBXFileReference; fileEncoding = 4; lastKnownFileType = sourcecode.swift; path = ESideMenuNavigationController.swift; sourceTree = "<group>"; };
		59EFD6A51B2506A7000DD915 /* MainViewController.swift */ = {isa = PBXFileReference; fileEncoding = 4; lastKnownFileType = sourcecode.swift; path = MainViewController.swift; sourceTree = "<group>"; };
		59EFD6A71B2506EC000DD915 /* MainCollectionViewCell.swift */ = {isa = PBXFileReference; fileEncoding = 4; lastKnownFileType = sourcecode.swift; path = MainCollectionViewCell.swift; sourceTree = "<group>"; };
		59F175DE1AF87D0F005E7950 /* gitignore */ = {isa = PBXFileReference; fileEncoding = 4; lastKnownFileType = text; path = gitignore; sourceTree = "<group>"; };
/* End PBXFileReference section */

/* Begin PBXFrameworksBuildPhase section */
		59DFCEDA1AB2A41C009DE7AF /* Frameworks */ = {
			isa = PBXFrameworksBuildPhase;
			buildActionMask = 2147483647;
			files = (
				590EBBD11AEFF96900420384 /* CoreLocation.framework in Frameworks */,
			);
			runOnlyForDeploymentPostprocessing = 0;
		};
		59DFCEEF1AB2A41D009DE7AF /* Frameworks */ = {
			isa = PBXFrameworksBuildPhase;
			buildActionMask = 2147483647;
			files = (
			);
			runOnlyForDeploymentPostprocessing = 0;
		};
/* End PBXFrameworksBuildPhase section */

/* Begin PBXGroup section */
		5971230F1B4A49C000CF46A7 /* style */ = {
			isa = PBXGroup;
			children = (
				597123101B4A49DC00CF46A7 /* Colors.swift */,
			);
			name = style;
			sourceTree = "<group>";
		};
		599611981B4578E2006777E8 /* Products */ = {
			isa = PBXGroup;
			name = Products;
			sourceTree = "<group>";
		};
		59DFCED41AB2A41C009DE7AF = {
			isa = PBXGroup;
			children = (
				590EBBD01AEFF96900420384 /* CoreLocation.framework */,
				59DFCEDF1AB2A41C009DE7AF /* OyventApp */,
				59DFCEF51AB2A41D009DE7AF /* OyventAppTests */,
				59DFCEDE1AB2A41C009DE7AF /* Products */,
			);
			sourceTree = "<group>";
		};
		59DFCEDE1AB2A41C009DE7AF /* Products */ = {
			isa = PBXGroup;
			children = (
				59DFCEDD1AB2A41C009DE7AF /* OyventApp.app */,
				59DFCEF21AB2A41D009DE7AF /* OyventAppTests.xctest */,
			);
			name = Products;
			sourceTree = "<group>";
		};
		59DFCEDF1AB2A41C009DE7AF /* OyventApp */ = {
			isa = PBXGroup;
			children = (
				599611971B4578E2006777E8 /* OyventApp.xcodeproj */,
				59F175DE1AF87D0F005E7950 /* gitignore */,
				59DFCEE21AB2A41C009DE7AF /* AppDelegate.swift */,
				5971230F1B4A49C000CF46A7 /* style */,
				59F175DA1AF878CE005E7950 /* api */,
				59F175D71AF877F6005E7950 /* button */,
				59F175D91AF8789A005E7950 /* cell */,
				59F175D81AF87836005E7950 /* menu */,
				59F175D61AF877A6005E7950 /* model */,
				59F175DB1AF879ED005E7950 /* util */,
				59DFCEE41AB2A41C009DE7AF /* LoginViewController.swift */,
				59DFCF0A1AB64326009DE7AF /* RegisterViewController.swift */,
				59DFCF081AB64303009DE7AF /* HomeViewController.swift */,
				5901439E1B0E74C3001C05AE /* CaptureViewController.swift */,
				5996119F1B46B12F006777E8 /* LogoutViewController.swift */,
				59BC7A131B124906000BD75E /* CategoryViewController.swift */,
				5936D6E01B141A5900A02642 /* OnlyTextViewController.swift */,
				59EFA7F01AD4F89200CA3C84 /* GeoViewController.swift */,
				59EFA7F21AD61F1A00CA3C84 /* DetailsViewController.swift */,
				59EFD6A51B2506A7000DD915 /* MainViewController.swift */,
				59DFCF121AB9398F009DE7AF /* MeViewController.swift */,
				59EFA7E81ACCFA7C00CA3C84 /* ZoomViewController.swift */,
				59DFCEE11AB2A41C009DE7AF /* Info.plist */,
				5996119A1B45791B006777E8 /* Main.storyboard */,
				59DFCF0C1AB67F9A009DE7AF /* Images.xcassets */,
				59DFCEEB1AB2A41D009DE7AF /* LaunchScreen.xib */,
				59DFCEE01AB2A41C009DE7AF /* Supporting Files */,
			);
			path = OyventApp;
			sourceTree = "<group>";
		};
		59DFCEE01AB2A41C009DE7AF /* Supporting Files */ = {
			isa = PBXGroup;
			children = (
			);
			name = "Supporting Files";
			sourceTree = "<group>";
		};
		59DFCEF51AB2A41D009DE7AF /* OyventAppTests */ = {
			isa = PBXGroup;
			children = (
				59DFCEF81AB2A41D009DE7AF /* OyventTests.swift */,
				59DFCEF61AB2A41D009DE7AF /* Supporting Files */,
			);
			path = OyventAppTests;
			sourceTree = "<group>";
		};
		59DFCEF61AB2A41D009DE7AF /* Supporting Files */ = {
			isa = PBXGroup;
			children = (
				59DFCEF71AB2A41D009DE7AF /* Info.plist */,
			);
			name = "Supporting Files";
			sourceTree = "<group>";
		};
		59F175D61AF877A6005E7950 /* model */ = {
			isa = PBXGroup;
			children = (
				59DFCF141ABBA84B009DE7AF /* Photo.swift */,
				590EBBD41AF5E55A00420384 /* Comment.swift */,
				5976B8F41B0396D400D8D2F4 /* Album.swift */,
			);
			name = model;
			sourceTree = "<group>";
		};
		59F175D71AF877F6005E7950 /* button */ = {
			isa = PBXGroup;
			children = (
				590EBBD81AF68B6900420384 /* RoundButton.swift */,
				5976B8EC1AF9097D00D8D2F4 /* CustomButton.swift */,
				5976B8F81B03CC8B00D8D2F4 /* DefaultButton.swift */,
				59E39B151B3D1B6C003200D2 /* SolidButton.swift */,
			);
			name = button;
			sourceTree = "<group>";
		};
		59F175D81AF87836005E7950 /* menu */ = {
			isa = PBXGroup;
			children = (
				59EFA7F81AE4915100CA3C84 /* ESideMenu.swift */,
				59EFA7FA1AE491CE00CA3C84 /* ESideMenuNavigationController.swift */,
				590EBBCC1AE494B500420384 /* MyMenuTableViewController.swift */,
				590EBBCE1AE497E400420384 /* MyNavigationController.swift */,
			);
			name = menu;
			sourceTree = "<group>";
		};
		59F175D91AF8789A005E7950 /* cell */ = {
			isa = PBXGroup;
			children = (
				59EFA7EE1AD4F7B500CA3C84 /* GeoTableViewCell.swift */,
				59BC7A111B118179000BD75E /* GeoTableHeaderCell.swift */,
				590EBBD21AF5852C00420384 /* DetailsTableViewCell.swift */,
				5976B8F01AFBBD7500D8D2F4 /* HomeCollectionViewCell.swift */,
				5976B8F21B038CDF00D8D2F4 /* HomeHeaderCollectionReusableView.swift */,
				59EFD6A71B2506EC000DD915 /* MainCollectionViewCell.swift */,
				594B28901B2E5BEE001D5503 /* MainCollectionReusableView.swift */,
				59E39B131B31337A003200D2 /* HomeFooterCollectionReusableView.swift */,
			);
			name = cell;
			sourceTree = "<group>";
		};
		59F175DA1AF878CE005E7950 /* api */ = {
			isa = PBXGroup;
			children = (
				59DFCF161ABBE995009DE7AF /* PhotoAPIController.swift */,
				590EBBD61AF5F29D00420384 /* CommentAPIController.swift */,
				5976B8F61B03AF7C00D8D2F4 /* AlbumAPIController.swift */,
			);
			name = api;
			sourceTree = "<group>";
		};
		59F175DB1AF879ED005E7950 /* util */ = {
			isa = PBXGroup;
			children = (
				59EFA7E61AC8FE5A00CA3C84 /* UIVerticalAlignLabel.swift */,
				59EFA7EA1AD2231F00CA3C84 /* DateExtension.swift */,
				5976B8EE1AF90A3F00D8D2F4 /* CustomView.swift */,
			);
			name = util;
			sourceTree = "<group>";
		};
/* End PBXGroup section */

/* Begin PBXNativeTarget section */
		59DFCEDC1AB2A41C009DE7AF /* OyventApp */ = {
			isa = PBXNativeTarget;
			buildConfigurationList = 59DFCEFC1AB2A41D009DE7AF /* Build configuration list for PBXNativeTarget "OyventApp" */;
			buildPhases = (
				59DFCED91AB2A41C009DE7AF /* Sources */,
				59DFCEDA1AB2A41C009DE7AF /* Frameworks */,
				59DFCEDB1AB2A41C009DE7AF /* Resources */,
			);
			buildRules = (
			);
			dependencies = (
			);
			name = OyventApp;
			productName = OyventApp;
			productReference = 59DFCEDD1AB2A41C009DE7AF /* OyventApp.app */;
			productType = "com.apple.product-type.application";
		};
		59DFCEF11AB2A41D009DE7AF /* OyventAppTests */ = {
			isa = PBXNativeTarget;
			buildConfigurationList = 59DFCEFF1AB2A41D009DE7AF /* Build configuration list for PBXNativeTarget "OyventAppTests" */;
			buildPhases = (
				59DFCEEE1AB2A41D009DE7AF /* Sources */,
				59DFCEEF1AB2A41D009DE7AF /* Frameworks */,
				59DFCEF01AB2A41D009DE7AF /* Resources */,
			);
			buildRules = (
			);
			dependencies = (
				59DFCEF41AB2A41D009DE7AF /* PBXTargetDependency */,
			);
			name = OyventAppTests;
			productName = OyventAppTests;
			productReference = 59DFCEF21AB2A41D009DE7AF /* OyventAppTests.xctest */;
			productType = "com.apple.product-type.bundle.unit-test";
		};
/* End PBXNativeTarget section */

/* Begin PBXProject section */
		59DFCED51AB2A41C009DE7AF /* Project object */ = {
			isa = PBXProject;
			attributes = {
				LastUpgradeCheck = 0620;
				ORGANIZATIONNAME = Oyvent;
				TargetAttributes = {
					59DFCEDC1AB2A41C009DE7AF = {
						CreatedOnToolsVersion = 6.2;
						DevelopmentTeam = RLAHF6FL89;
					};
					59DFCEF11AB2A41D009DE7AF = {
						CreatedOnToolsVersion = 6.2;
						TestTargetID = 59DFCEDC1AB2A41C009DE7AF;
					};
				};
			};
			buildConfigurationList = 59DFCED81AB2A41C009DE7AF /* Build configuration list for PBXProject "OyventApp" */;
			compatibilityVersion = "Xcode 3.2";
			developmentRegion = English;
			hasScannedForEncodings = 0;
			knownRegions = (
				en,
				Base,
			);
			mainGroup = 59DFCED41AB2A41C009DE7AF;
			productRefGroup = 59DFCEDE1AB2A41C009DE7AF /* Products */;
			projectDirPath = "";
			projectReferences = (
				{
					ProductGroup = 599611981B4578E2006777E8 /* Products */;
					ProjectRef = 599611971B4578E2006777E8 /* OyventApp.xcodeproj */;
				},
			);
			projectRoot = "";
			targets = (
				59DFCEDC1AB2A41C009DE7AF /* OyventApp */,
				59DFCEF11AB2A41D009DE7AF /* OyventAppTests */,
			);
		};
/* End PBXProject section */

/* Begin PBXResourcesBuildPhase section */
		59DFCEDB1AB2A41C009DE7AF /* Resources */ = {
			isa = PBXResourcesBuildPhase;
			buildActionMask = 2147483647;
			files = (
				59F175DF1AF87D0F005E7950 /* gitignore in Resources */,
				59DFCF0D1AB67F9A009DE7AF /* Images.xcassets in Resources */,
				59DFCEED1AB2A41D009DE7AF /* LaunchScreen.xib in Resources */,
				5996119C1B45791B006777E8 /* Main.storyboard in Resources */,
			);
			runOnlyForDeploymentPostprocessing = 0;
		};
		59DFCEF01AB2A41D009DE7AF /* Resources */ = {
			isa = PBXResourcesBuildPhase;
			buildActionMask = 2147483647;
			files = (
			);
			runOnlyForDeploymentPostprocessing = 0;
		};
/* End PBXResourcesBuildPhase section */

/* Begin PBXSourcesBuildPhase section */
		59DFCED91AB2A41C009DE7AF /* Sources */ = {
			isa = PBXSourcesBuildPhase;
			buildActionMask = 2147483647;
			files = (
				5976B8F71B03AF7C00D8D2F4 /* AlbumAPIController.swift in Sources */,
				590EBBD91AF68B6900420384 /* RoundButton.swift in Sources */,
				59EFD6A81B2506EC000DD915 /* MainCollectionViewCell.swift in Sources */,
				59E39B141B31337A003200D2 /* HomeFooterCollectionReusableView.swift in Sources */,
				59EFA7F11AD4F89200CA3C84 /* GeoViewController.swift in Sources */,
				59EFA7E71AC8FE5A00CA3C84 /* UIVerticalAlignLabel.swift in Sources */,
				59EFA7FB1AE491CE00CA3C84 /* ESideMenuNavigationController.swift in Sources */,
				59EFA7EB1AD2231F00CA3C84 /* DateExtension.swift in Sources */,
				590EBBD31AF5852C00420384 /* DetailsTableViewCell.swift in Sources */,
				59E39B161B3D1B6C003200D2 /* SolidButton.swift in Sources */,
				5901439F1B0E74C3001C05AE /* CaptureViewController.swift in Sources */,
				59DFCF151ABBA84B009DE7AF /* Photo.swift in Sources */,
				59DFCEE51AB2A41C009DE7AF /* LoginViewController.swift in Sources */,
				5976B8EF1AF90A3F00D8D2F4 /* CustomView.swift in Sources */,
				590EBBD51AF5E55A00420384 /* Comment.swift in Sources */,
				59DFCF131AB9398F009DE7AF /* MeViewController.swift in Sources */,
				59EFA7E91ACCFA7C00CA3C84 /* ZoomViewController.swift in Sources */,
				59EFA7F91AE4915100CA3C84 /* ESideMenu.swift in Sources */,
				5976B8F51B0396D400D8D2F4 /* Album.swift in Sources */,
				59DFCF0B1AB64326009DE7AF /* RegisterViewController.swift in Sources */,
				59DFCF171ABBE995009DE7AF /* PhotoAPIController.swift in Sources */,
				590EBBCF1AE497E400420384 /* MyNavigationController.swift in Sources */,
				59DFCEE31AB2A41C009DE7AF /* AppDelegate.swift in Sources */,
				590EBBCD1AE494B500420384 /* MyMenuTableViewController.swift in Sources */,
				590EBBD71AF5F29D00420384 /* CommentAPIController.swift in Sources */,
				59BC7A141B124906000BD75E /* CategoryViewController.swift in Sources */,
				594B28911B2E5BEE001D5503 /* MainCollectionReusableView.swift in Sources */,
				59EFD6A61B2506A7000DD915 /* MainViewController.swift in Sources */,
				5976B8ED1AF9097D00D8D2F4 /* CustomButton.swift in Sources */,
				59EFA7EF1AD4F7B500CA3C84 /* GeoTableViewCell.swift in Sources */,
				59DFCF091AB64303009DE7AF /* HomeViewController.swift in Sources */,
				59BC7A121B118179000BD75E /* GeoTableHeaderCell.swift in Sources */,
				59EFA7F31AD61F1A00CA3C84 /* DetailsViewController.swift in Sources */,
				5976B8F31B038CDF00D8D2F4 /* HomeHeaderCollectionReusableView.swift in Sources */,
				597123111B4A49DC00CF46A7 /* Colors.swift in Sources */,
				599611A01B46B12F006777E8 /* LogoutViewController.swift in Sources */,
				5936D6E11B141A5A00A02642 /* OnlyTextViewController.swift in Sources */,
				5976B8F11AFBBD7500D8D2F4 /* HomeCollectionViewCell.swift in Sources */,
				5976B8F91B03CC8B00D8D2F4 /* DefaultButton.swift in Sources */,
			);
			runOnlyForDeploymentPostprocessing = 0;
		};
		59DFCEEE1AB2A41D009DE7AF /* Sources */ = {
			isa = PBXSourcesBuildPhase;
			buildActionMask = 2147483647;
			files = (
				59DFCEF91AB2A41D009DE7AF /* OyventTests.swift in Sources */,
			);
			runOnlyForDeploymentPostprocessing = 0;
		};
/* End PBXSourcesBuildPhase section */

/* Begin PBXTargetDependency section */
		59DFCEF41AB2A41D009DE7AF /* PBXTargetDependency */ = {
			isa = PBXTargetDependency;
			target = 59DFCEDC1AB2A41C009DE7AF /* OyventApp */;
			targetProxy = 59DFCEF31AB2A41D009DE7AF /* PBXContainerItemProxy */;
		};
/* End PBXTargetDependency section */

/* Begin PBXVariantGroup section */
		5996119A1B45791B006777E8 /* Main.storyboard */ = {
			isa = PBXVariantGroup;
			children = (
				5996119B1B45791B006777E8 /* Base */,
			);
			name = Main.storyboard;
			sourceTree = "<group>";
		};
		59DFCEEB1AB2A41D009DE7AF /* LaunchScreen.xib */ = {
			isa = PBXVariantGroup;
			children = (
				59DFCEEC1AB2A41D009DE7AF /* Base */,
			);
			name = LaunchScreen.xib;
			sourceTree = "<group>";
		};
/* End PBXVariantGroup section */

/* Begin XCBuildConfiguration section */
		59DFCEFA1AB2A41D009DE7AF /* Debug */ = {
			isa = XCBuildConfiguration;
			buildSettings = {
				ALWAYS_SEARCH_USER_PATHS = NO;
				CLANG_CXX_LANGUAGE_STANDARD = "gnu++0x";
				CLANG_CXX_LIBRARY = "libc++";
				CLANG_ENABLE_MODULES = YES;
				CLANG_ENABLE_OBJC_ARC = YES;
				CLANG_WARN_BOOL_CONVERSION = YES;
				CLANG_WARN_CONSTANT_CONVERSION = YES;
				CLANG_WARN_DIRECT_OBJC_ISA_USAGE = YES_ERROR;
				CLANG_WARN_EMPTY_BODY = YES;
				CLANG_WARN_ENUM_CONVERSION = YES;
				CLANG_WARN_INT_CONVERSION = YES;
				CLANG_WARN_OBJC_ROOT_CLASS = YES_ERROR;
				CLANG_WARN_UNREACHABLE_CODE = YES;
				CLANG_WARN__DUPLICATE_METHOD_MATCH = YES;
				"CODE_SIGN_IDENTITY[sdk=iphoneos*]" = "iPhone Developer";
				COPY_PHASE_STRIP = NO;
				ENABLE_STRICT_OBJC_MSGSEND = YES;
				GCC_C_LANGUAGE_STANDARD = gnu99;
				GCC_DYNAMIC_NO_PIC = NO;
				GCC_OPTIMIZATION_LEVEL = 0;
				GCC_PREPROCESSOR_DEFINITIONS = (
					"DEBUG=1",
					"$(inherited)",
				);
				GCC_SYMBOLS_PRIVATE_EXTERN = NO;
				GCC_WARN_64_TO_32_BIT_CONVERSION = YES;
				GCC_WARN_ABOUT_RETURN_TYPE = YES_ERROR;
				GCC_WARN_UNDECLARED_SELECTOR = YES;
				GCC_WARN_UNINITIALIZED_AUTOS = YES_AGGRESSIVE;
				GCC_WARN_UNUSED_FUNCTION = YES;
				GCC_WARN_UNUSED_VARIABLE = YES;
				IPHONEOS_DEPLOYMENT_TARGET = 8.2;
				MTL_ENABLE_DEBUG_INFO = YES;
				ONLY_ACTIVE_ARCH = YES;
				SDKROOT = iphoneos;
				SWIFT_OPTIMIZATION_LEVEL = "-Onone";
			};
			name = Debug;
		};
		59DFCEFB1AB2A41D009DE7AF /* Release */ = {
			isa = XCBuildConfiguration;
			buildSettings = {
				ALWAYS_SEARCH_USER_PATHS = NO;
				CLANG_CXX_LANGUAGE_STANDARD = "gnu++0x";
				CLANG_CXX_LIBRARY = "libc++";
				CLANG_ENABLE_MODULES = YES;
				CLANG_ENABLE_OBJC_ARC = YES;
				CLANG_WARN_BOOL_CONVERSION = YES;
				CLANG_WARN_CONSTANT_CONVERSION = YES;
				CLANG_WARN_DIRECT_OBJC_ISA_USAGE = YES_ERROR;
				CLANG_WARN_EMPTY_BODY = YES;
				CLANG_WARN_ENUM_CONVERSION = YES;
				CLANG_WARN_INT_CONVERSION = YES;
				CLANG_WARN_OBJC_ROOT_CLASS = YES_ERROR;
				CLANG_WARN_UNREACHABLE_CODE = YES;
				CLANG_WARN__DUPLICATE_METHOD_MATCH = YES;
				"CODE_SIGN_IDENTITY[sdk=iphoneos*]" = "iPhone Developer";
				COPY_PHASE_STRIP = YES;
				ENABLE_NS_ASSERTIONS = NO;
				ENABLE_STRICT_OBJC_MSGSEND = YES;
				GCC_C_LANGUAGE_STANDARD = gnu99;
				GCC_WARN_64_TO_32_BIT_CONVERSION = YES;
				GCC_WARN_ABOUT_RETURN_TYPE = YES_ERROR;
				GCC_WARN_UNDECLARED_SELECTOR = YES;
				GCC_WARN_UNINITIALIZED_AUTOS = YES_AGGRESSIVE;
				GCC_WARN_UNUSED_FUNCTION = YES;
				GCC_WARN_UNUSED_VARIABLE = YES;
				IPHONEOS_DEPLOYMENT_TARGET = 8.2;
				MTL_ENABLE_DEBUG_INFO = NO;
				SDKROOT = iphoneos;
				VALIDATE_PRODUCT = YES;
			};
			name = Release;
		};
		59DFCEFD1AB2A41D009DE7AF /* Debug */ = {
			isa = XCBuildConfiguration;
			buildSettings = {
				ASSETCATALOG_COMPILER_APPICON_NAME = AppIcon;
				CODE_SIGN_IDENTITY = "iPhone Developer";
				"CODE_SIGN_IDENTITY[sdk=iphoneos*]" = "iPhone Developer";
				INFOPLIST_FILE = OyventApp/Info.plist;
				IPHONEOS_DEPLOYMENT_TARGET = 8.0;
				LD_RUNPATH_SEARCH_PATHS = "$(inherited) @executable_path/Frameworks";
				PRODUCT_NAME = OyventApp;
				PROVISIONING_PROFILE = "";
				TARGETED_DEVICE_FAMILY = "1,2";
			};
			name = Debug;
		};
		59DFCEFE1AB2A41D009DE7AF /* Release */ = {
			isa = XCBuildConfiguration;
			buildSettings = {
				ASSETCATALOG_COMPILER_APPICON_NAME = AppIcon;
				CODE_SIGN_IDENTITY = "iPhone Developer";
				"CODE_SIGN_IDENTITY[sdk=iphoneos*]" = "iPhone Developer";
				INFOPLIST_FILE = OyventApp/Info.plist;
				IPHONEOS_DEPLOYMENT_TARGET = 8.0;
				LD_RUNPATH_SEARCH_PATHS = "$(inherited) @executable_path/Frameworks";
				PRODUCT_NAME = OyventApp;
				PROVISIONING_PROFILE = "";
				TARGETED_DEVICE_FAMILY = "1,2";
			};
			name = Release;
		};
		59DFCF001AB2A41D009DE7AF /* Debug */ = {
			isa = XCBuildConfiguration;
			buildSettings = {
				BUNDLE_LOADER = "$(TEST_HOST)";
				FRAMEWORK_SEARCH_PATHS = (
					"$(SDKROOT)/Developer/Library/Frameworks",
					"$(inherited)",
				);
				GCC_PREPROCESSOR_DEFINITIONS = (
					"DEBUG=1",
					"$(inherited)",
				);
				INFOPLIST_FILE = OyventAppTests/Info.plist;
				LD_RUNPATH_SEARCH_PATHS = "$(inherited) @executable_path/Frameworks @loader_path/Frameworks";
				PRODUCT_NAME = OyventAppTests;
				TEST_HOST = "$(BUILT_PRODUCTS_DIR)/OyventApp.app/OyventApp";
			};
			name = Debug;
		};
		59DFCF011AB2A41D009DE7AF /* Release */ = {
			isa = XCBuildConfiguration;
			buildSettings = {
				BUNDLE_LOADER = "$(TEST_HOST)";
				FRAMEWORK_SEARCH_PATHS = (
					"$(SDKROOT)/Developer/Library/Frameworks",
					"$(inherited)",
				);
				INFOPLIST_FILE = OyventAppTests/Info.plist;
				LD_RUNPATH_SEARCH_PATHS = "$(inherited) @executable_path/Frameworks @loader_path/Frameworks";
				PRODUCT_NAME = OyventAppTests;
				TEST_HOST = "$(BUILT_PRODUCTS_DIR)/OyventApp.app/OyventApp";
			};
			name = Release;
		};
/* End XCBuildConfiguration section */

/* Begin XCConfigurationList section */
		59DFCED81AB2A41C009DE7AF /* Build configuration list for PBXProject "OyventApp" */ = {
			isa = XCConfigurationList;
			buildConfigurations = (
				59DFCEFA1AB2A41D009DE7AF /* Debug */,
				59DFCEFB1AB2A41D009DE7AF /* Release */,
			);
			defaultConfigurationIsVisible = 0;
			defaultConfigurationName = Release;
		};
		59DFCEFC1AB2A41D009DE7AF /* Build configuration list for PBXNativeTarget "OyventApp" */ = {
			isa = XCConfigurationList;
			buildConfigurations = (
				59DFCEFD1AB2A41D009DE7AF /* Debug */,
				59DFCEFE1AB2A41D009DE7AF /* Release */,
			);
			defaultConfigurationIsVisible = 0;
			defaultConfigurationName = Release;
		};
		59DFCEFF1AB2A41D009DE7AF /* Build configuration list for PBXNativeTarget "OyventAppTests" */ = {
			isa = XCConfigurationList;
			buildConfigurations = (
				59DFCF001AB2A41D009DE7AF /* Debug */,
				59DFCF011AB2A41D009DE7AF /* Release */,
			);
			defaultConfigurationIsVisible = 0;
			defaultConfigurationName = Release;
		};
/* End XCConfigurationList section */
	};
	rootObject = 59DFCED51AB2A41C009DE7AF /* Project object */;
}
